// !$*UTF8*$!
{
	archiveVersion = 1;
	classes = {
	};
	objectVersion = 50;
	objects = {

/* Begin PBXBuildFile section */
		0A0FE4952147304800D5FB3A /* PhotoVC.swift in Sources */ = {isa = PBXBuildFile; fileRef = 0A0FE4942147304800D5FB3A /* PhotoVC.swift */; };
		0AFDDCE62142D34F0023A4E8 /* AppDelegate.swift in Sources */ = {isa = PBXBuildFile; fileRef = 0AFDDCE52142D34F0023A4E8 /* AppDelegate.swift */; };
		0AFDDCEB2142D34F0023A4E8 /* Main.storyboard in Resources */ = {isa = PBXBuildFile; fileRef = 0AFDDCE92142D34F0023A4E8 /* Main.storyboard */; };
		0AFDDCED2142D3500023A4E8 /* Assets.xcassets in Resources */ = {isa = PBXBuildFile; fileRef = 0AFDDCEC2142D3500023A4E8 /* Assets.xcassets */; };
		0AFDDCF02142D3500023A4E8 /* LaunchScreen.storyboard in Resources */ = {isa = PBXBuildFile; fileRef = 0AFDDCEE2142D3500023A4E8 /* LaunchScreen.storyboard */; };
		0AFDDCFB2142D3510023A4E8 /* TumblerFyTests.swift in Sources */ = {isa = PBXBuildFile; fileRef = 0AFDDCFA2142D3510023A4E8 /* TumblerFyTests.swift */; };
		0AFDDD062142D3510023A4E8 /* TumblerFyUITests.swift in Sources */ = {isa = PBXBuildFile; fileRef = 0AFDDD052142D3510023A4E8 /* TumblerFyUITests.swift */; };
		0AFDDD142142D91A0023A4E8 /* PhotosViewController.swift in Sources */ = {isa = PBXBuildFile; fileRef = 0AFDDD132142D91A0023A4E8 /* PhotosViewController.swift */; };
		0AFDDD1A2142E9A10023A4E8 /* PhotoCell.swift in Sources */ = {isa = PBXBuildFile; fileRef = 0AFDDD192142E9A10023A4E8 /* PhotoCell.swift */; };
		74B1552416828A7045251E60 /* Pods_TumblerFyTests.framework in Frameworks */ = {isa = PBXBuildFile; fileRef = 6E42C4380EA59BD9328088EC /* Pods_TumblerFyTests.framework */; };
		7A0B6A8FBEAC1A1CA6E3636C /* Pods_TumblerFyUITests.framework in Frameworks */ = {isa = PBXBuildFile; fileRef = DA82CDCB5F45BAC8CB76D8E2 /* Pods_TumblerFyUITests.framework */; };
		F6CB55F487F2EA980D4FE426 /* Pods_TumblerFy.framework in Frameworks */ = {isa = PBXBuildFile; fileRef = F934569CB1CF383469B25406 /* Pods_TumblerFy.framework */; };
/* End PBXBuildFile section */

/* Begin PBXContainerItemProxy section */
		0AFDDCF72142D3510023A4E8 /* PBXContainerItemProxy */ = {
			isa = PBXContainerItemProxy;
			containerPortal = 0AFDDCDA2142D34F0023A4E8 /* Project object */;
			proxyType = 1;
			remoteGlobalIDString = 0AFDDCE12142D34F0023A4E8;
			remoteInfo = TumblerFy;
		};
		0AFDDD022142D3510023A4E8 /* PBXContainerItemProxy */ = {
			isa = PBXContainerItemProxy;
			containerPortal = 0AFDDCDA2142D34F0023A4E8 /* Project object */;
			proxyType = 1;
			remoteGlobalIDString = 0AFDDCE12142D34F0023A4E8;
			remoteInfo = TumblerFy;
		};
/* End PBXContainerItemProxy section */

/* Begin PBXFileReference section */
		0A0FE4942147304800D5FB3A /* PhotoVC.swift */ = {isa = PBXFileReference; lastKnownFileType = sourcecode.swift; path = PhotoVC.swift; sourceTree = "<group>"; };
		0AFDDCE22142D34F0023A4E8 /* TumblerFy.app */ = {isa = PBXFileReference; explicitFileType = wrapper.application; includeInIndex = 0; path = TumblerFy.app; sourceTree = BUILT_PRODUCTS_DIR; };
		0AFDDCE52142D34F0023A4E8 /* AppDelegate.swift */ = {isa = PBXFileReference; lastKnownFileType = sourcecode.swift; path = AppDelegate.swift; sourceTree = "<group>"; };
		0AFDDCEA2142D34F0023A4E8 /* Base */ = {isa = PBXFileReference; lastKnownFileType = file.storyboard; name = Base; path = Base.lproj/Main.storyboard; sourceTree = "<group>"; };
		0AFDDCEC2142D3500023A4E8 /* Assets.xcassets */ = {isa = PBXFileReference; lastKnownFileType = folder.assetcatalog; path = Assets.xcassets; sourceTree = "<group>"; };
		0AFDDCEF2142D3500023A4E8 /* Base */ = {isa = PBXFileReference; lastKnownFileType = file.storyboard; name = Base; path = Base.lproj/LaunchScreen.storyboard; sourceTree = "<group>"; };
		0AFDDCF12142D3500023A4E8 /* Info.plist */ = {isa = PBXFileReference; lastKnownFileType = text.plist.xml; path = Info.plist; sourceTree = "<group>"; };
		0AFDDCF62142D3510023A4E8 /* TumblerFyTests.xctest */ = {isa = PBXFileReference; explicitFileType = wrapper.cfbundle; includeInIndex = 0; path = TumblerFyTests.xctest; sourceTree = BUILT_PRODUCTS_DIR; };
		0AFDDCFA2142D3510023A4E8 /* TumblerFyTests.swift */ = {isa = PBXFileReference; lastKnownFileType = sourcecode.swift; path = TumblerFyTests.swift; sourceTree = "<group>"; };
		0AFDDCFC2142D3510023A4E8 /* Info.plist */ = {isa = PBXFileReference; lastKnownFileType = text.plist.xml; path = Info.plist; sourceTree = "<group>"; };
		0AFDDD012142D3510023A4E8 /* TumblerFyUITests.xctest */ = {isa = PBXFileReference; explicitFileType = wrapper.cfbundle; includeInIndex = 0; path = TumblerFyUITests.xctest; sourceTree = BUILT_PRODUCTS_DIR; };
		0AFDDD052142D3510023A4E8 /* TumblerFyUITests.swift */ = {isa = PBXFileReference; lastKnownFileType = sourcecode.swift; path = TumblerFyUITests.swift; sourceTree = "<group>"; };
		0AFDDD072142D3510023A4E8 /* Info.plist */ = {isa = PBXFileReference; lastKnownFileType = text.plist.xml; path = Info.plist; sourceTree = "<group>"; };
		0AFDDD132142D91A0023A4E8 /* PhotosViewController.swift */ = {isa = PBXFileReference; lastKnownFileType = sourcecode.swift; path = PhotosViewController.swift; sourceTree = "<group>"; };
		0AFDDD192142E9A10023A4E8 /* PhotoCell.swift */ = {isa = PBXFileReference; lastKnownFileType = sourcecode.swift; path = PhotoCell.swift; sourceTree = "<group>"; };
		41461F9F12393C51B14B68BD /* Pods-TumblerFyUITests.debug.xcconfig */ = {isa = PBXFileReference; includeInIndex = 1; lastKnownFileType = text.xcconfig; name = "Pods-TumblerFyUITests.debug.xcconfig"; path = "Pods/Target Support Files/Pods-TumblerFyUITests/Pods-TumblerFyUITests.debug.xcconfig"; sourceTree = "<group>"; };
		6E42C4380EA59BD9328088EC /* Pods_TumblerFyTests.framework */ = {isa = PBXFileReference; explicitFileType = wrapper.framework; includeInIndex = 0; path = Pods_TumblerFyTests.framework; sourceTree = BUILT_PRODUCTS_DIR; };
		7DA2635B08CEF60BDB53D8A2 /* Pods-TumblerFyUITests.release.xcconfig */ = {isa = PBXFileReference; includeInIndex = 1; lastKnownFileType = text.xcconfig; name = "Pods-TumblerFyUITests.release.xcconfig"; path = "Pods/Target Support Files/Pods-TumblerFyUITests/Pods-TumblerFyUITests.release.xcconfig"; sourceTree = "<group>"; };
		DA82CDCB5F45BAC8CB76D8E2 /* Pods_TumblerFyUITests.framework */ = {isa = PBXFileReference; explicitFileType = wrapper.framework; includeInIndex = 0; path = Pods_TumblerFyUITests.framework; sourceTree = BUILT_PRODUCTS_DIR; };
		E653858F09062CAFED1EAAE6 /* Pods-TumblerFyTests.debug.xcconfig */ = {isa = PBXFileReference; includeInIndex = 1; lastKnownFileType = text.xcconfig; name = "Pods-TumblerFyTests.debug.xcconfig"; path = "Pods/Target Support Files/Pods-TumblerFyTests/Pods-TumblerFyTests.debug.xcconfig"; sourceTree = "<group>"; };
		E9D365FAF342365C4384801B /* Pods-TumblerFy.debug.xcconfig */ = {isa = PBXFileReference; includeInIndex = 1; lastKnownFileType = text.xcconfig; name = "Pods-TumblerFy.debug.xcconfig"; path = "Pods/Target Support Files/Pods-TumblerFy/Pods-TumblerFy.debug.xcconfig"; sourceTree = "<group>"; };
		ECD6A732732D8FE7197EE4AB /* Pods-TumblerFyTests.release.xcconfig */ = {isa = PBXFileReference; includeInIndex = 1; lastKnownFileType = text.xcconfig; name = "Pods-TumblerFyTests.release.xcconfig"; path = "Pods/Target Support Files/Pods-TumblerFyTests/Pods-TumblerFyTests.release.xcconfig"; sourceTree = "<group>"; };
		F934569CB1CF383469B25406 /* Pods_TumblerFy.framework */ = {isa = PBXFileReference; explicitFileType = wrapper.framework; includeInIndex = 0; path = Pods_TumblerFy.framework; sourceTree = BUILT_PRODUCTS_DIR; };
		F93B8A1378FDB5A7DA77F3A1 /* Pods-TumblerFy.release.xcconfig */ = {isa = PBXFileReference; includeInIndex = 1; lastKnownFileType = text.xcconfig; name = "Pods-TumblerFy.release.xcconfig"; path = "Pods/Target Support Files/Pods-TumblerFy/Pods-TumblerFy.release.xcconfig"; sourceTree = "<group>"; };
/* End PBXFileReference section */

/* Begin PBXFrameworksBuildPhase section */
		0AFDDCDF2142D34F0023A4E8 /* Frameworks */ = {
			isa = PBXFrameworksBuildPhase;
			buildActionMask = 2147483647;
			files = (
				F6CB55F487F2EA980D4FE426 /* Pods_TumblerFy.framework in Frameworks */,
			);
			runOnlyForDeploymentPostprocessing = 0;
		};
		0AFDDCF32142D3510023A4E8 /* Frameworks */ = {
			isa = PBXFrameworksBuildPhase;
			buildActionMask = 2147483647;
			files = (
				74B1552416828A7045251E60 /* Pods_TumblerFyTests.framework in Frameworks */,
			);
			runOnlyForDeploymentPostprocessing = 0;
		};
		0AFDDCFE2142D3510023A4E8 /* Frameworks */ = {
			isa = PBXFrameworksBuildPhase;
			buildActionMask = 2147483647;
			files = (
				7A0B6A8FBEAC1A1CA6E3636C /* Pods_TumblerFyUITests.framework in Frameworks */,
			);
			runOnlyForDeploymentPostprocessing = 0;
		};
/* End PBXFrameworksBuildPhase section */

/* Begin PBXGroup section */
		0AFDDCD92142D34F0023A4E8 = {
			isa = PBXGroup;
			children = (
				0AFDDCE42142D34F0023A4E8 /* TumblerFy */,
				0AFDDCF92142D3510023A4E8 /* TumblerFyTests */,
				0AFDDD042142D3510023A4E8 /* TumblerFyUITests */,
				0AFDDCE32142D34F0023A4E8 /* Products */,
				DA6ED2A0667FE8A0A6475DA0 /* Pods */,
				F09F5CEEDBA9C5C88D2396C0 /* Frameworks */,
			);
			sourceTree = "<group>";
		};
		0AFDDCE32142D34F0023A4E8 /* Products */ = {
			isa = PBXGroup;
			children = (
				0AFDDCE22142D34F0023A4E8 /* TumblerFy.app */,
				0AFDDCF62142D3510023A4E8 /* TumblerFyTests.xctest */,
				0AFDDD012142D3510023A4E8 /* TumblerFyUITests.xctest */,
			);
			name = Products;
			sourceTree = "<group>";
		};
		0AFDDCE42142D34F0023A4E8 /* TumblerFy */ = {
			isa = PBXGroup;
			children = (
				0AFDDCE52142D34F0023A4E8 /* AppDelegate.swift */,
				0AFDDD192142E9A10023A4E8 /* PhotoCell.swift */,
				0AFDDD132142D91A0023A4E8 /* PhotosViewController.swift */,
				0AFDDCE92142D34F0023A4E8 /* Main.storyboard */,
				0AFDDCEC2142D3500023A4E8 /* Assets.xcassets */,
				0AFDDCEE2142D3500023A4E8 /* LaunchScreen.storyboard */,
				0AFDDCF12142D3500023A4E8 /* Info.plist */,
				0A0FE4942147304800D5FB3A /* PhotoVC.swift */,
			);
			path = TumblerFy;
			sourceTree = "<group>";
		};
		0AFDDCF92142D3510023A4E8 /* TumblerFyTests */ = {
			isa = PBXGroup;
			children = (
				0AFDDCFA2142D3510023A4E8 /* TumblerFyTests.swift */,
				0AFDDCFC2142D3510023A4E8 /* Info.plist */,
			);
			path = TumblerFyTests;
			sourceTree = "<group>";
		};
		0AFDDD042142D3510023A4E8 /* TumblerFyUITests */ = {
			isa = PBXGroup;
			children = (
				0AFDDD052142D3510023A4E8 /* TumblerFyUITests.swift */,
				0AFDDD072142D3510023A4E8 /* Info.plist */,
			);
			path = TumblerFyUITests;
			sourceTree = "<group>";
		};
		DA6ED2A0667FE8A0A6475DA0 /* Pods */ = {
			isa = PBXGroup;
			children = (
				E9D365FAF342365C4384801B /* Pods-TumblerFy.debug.xcconfig */,
				F93B8A1378FDB5A7DA77F3A1 /* Pods-TumblerFy.release.xcconfig */,
				E653858F09062CAFED1EAAE6 /* Pods-TumblerFyTests.debug.xcconfig */,
				ECD6A732732D8FE7197EE4AB /* Pods-TumblerFyTests.release.xcconfig */,
				41461F9F12393C51B14B68BD /* Pods-TumblerFyUITests.debug.xcconfig */,
				7DA2635B08CEF60BDB53D8A2 /* Pods-TumblerFyUITests.release.xcconfig */,
			);
			name = Pods;
			sourceTree = "<group>";
		};
		F09F5CEEDBA9C5C88D2396C0 /* Frameworks */ = {
			isa = PBXGroup;
			children = (
				F934569CB1CF383469B25406 /* Pods_TumblerFy.framework */,
				6E42C4380EA59BD9328088EC /* Pods_TumblerFyTests.framework */,
				DA82CDCB5F45BAC8CB76D8E2 /* Pods_TumblerFyUITests.framework */,
			);
			name = Frameworks;
			sourceTree = "<group>";
		};
/* End PBXGroup section */

/* Begin PBXNativeTarget section */
		0AFDDCE12142D34F0023A4E8 /* TumblerFy */ = {
			isa = PBXNativeTarget;
			buildConfigurationList = 0AFDDD0A2142D3510023A4E8 /* Build configuration list for PBXNativeTarget "TumblerFy" */;
			buildPhases = (
				0D88BABB8754E666AE0F196B /* [CP] Check Pods Manifest.lock */,
				0AFDDCDE2142D34F0023A4E8 /* Sources */,
				0AFDDCDF2142D34F0023A4E8 /* Frameworks */,
				0AFDDCE02142D34F0023A4E8 /* Resources */,
				629A1FA3DA18184B17CA1EDA /* [CP] Embed Pods Frameworks */,
			);
			buildRules = (
			);
			dependencies = (
			);
			name = TumblerFy;
			productName = TumblerFy;
			productReference = 0AFDDCE22142D34F0023A4E8 /* TumblerFy.app */;
			productType = "com.apple.product-type.application";
		};
		0AFDDCF52142D3510023A4E8 /* TumblerFyTests */ = {
			isa = PBXNativeTarget;
			buildConfigurationList = 0AFDDD0D2142D3510023A4E8 /* Build configuration list for PBXNativeTarget "TumblerFyTests" */;
			buildPhases = (
				79BAFA1D2B3C438607ABCB53 /* [CP] Check Pods Manifest.lock */,
				0AFDDCF22142D3510023A4E8 /* Sources */,
				0AFDDCF32142D3510023A4E8 /* Frameworks */,
				0AFDDCF42142D3510023A4E8 /* Resources */,
			);
			buildRules = (
			);
			dependencies = (
				0AFDDCF82142D3510023A4E8 /* PBXTargetDependency */,
			);
			name = TumblerFyTests;
			productName = TumblerFyTests;
			productReference = 0AFDDCF62142D3510023A4E8 /* TumblerFyTests.xctest */;
			productType = "com.apple.product-type.bundle.unit-test";
		};
		0AFDDD002142D3510023A4E8 /* TumblerFyUITests */ = {
			isa = PBXNativeTarget;
			buildConfigurationList = 0AFDDD102142D3510023A4E8 /* Build configuration list for PBXNativeTarget "TumblerFyUITests" */;
			buildPhases = (
				84A5A13252A8AEE7FF6D1F9D /* [CP] Check Pods Manifest.lock */,
				0AFDDCFD2142D3510023A4E8 /* Sources */,
				0AFDDCFE2142D3510023A4E8 /* Frameworks */,
				0AFDDCFF2142D3510023A4E8 /* Resources */,
			);
			buildRules = (
			);
			dependencies = (
				0AFDDD032142D3510023A4E8 /* PBXTargetDependency */,
			);
			name = TumblerFyUITests;
			productName = TumblerFyUITests;
			productReference = 0AFDDD012142D3510023A4E8 /* TumblerFyUITests.xctest */;
			productType = "com.apple.product-type.bundle.ui-testing";
		};
/* End PBXNativeTarget section */

/* Begin PBXProject section */
		0AFDDCDA2142D34F0023A4E8 /* Project object */ = {
			isa = PBXProject;
			attributes = {
				LastSwiftUpdateCheck = 0940;
				LastUpgradeCheck = 0940;
				ORGANIZATIONNAME = "Tommy Tran";
				TargetAttributes = {
					0AFDDCE12142D34F0023A4E8 = {
						CreatedOnToolsVersion = 9.4.1;
					};
					0AFDDCF52142D3510023A4E8 = {
						CreatedOnToolsVersion = 9.4.1;
						TestTargetID = 0AFDDCE12142D34F0023A4E8;
					};
					0AFDDD002142D3510023A4E8 = {
						CreatedOnToolsVersion = 9.4.1;
						TestTargetID = 0AFDDCE12142D34F0023A4E8;
					};
				};
			};
			buildConfigurationList = 0AFDDCDD2142D34F0023A4E8 /* Build configuration list for PBXProject "TumblerFy" */;
			compatibilityVersion = "Xcode 9.3";
			developmentRegion = en;
			hasScannedForEncodings = 0;
			knownRegions = (
				en,
				Base,
			);
			mainGroup = 0AFDDCD92142D34F0023A4E8;
			productRefGroup = 0AFDDCE32142D34F0023A4E8 /* Products */;
			projectDirPath = "";
			projectRoot = "";
			targets = (
				0AFDDCE12142D34F0023A4E8 /* TumblerFy */,
				0AFDDCF52142D3510023A4E8 /* TumblerFyTests */,
				0AFDDD002142D3510023A4E8 /* TumblerFyUITests */,
			);
		};
/* End PBXProject section */

/* Begin PBXResourcesBuildPhase section */
		0AFDDCE02142D34F0023A4E8 /* Resources */ = {
			isa = PBXResourcesBuildPhase;
			buildActionMask = 2147483647;
			files = (
				0AFDDCF02142D3500023A4E8 /* LaunchScreen.storyboard in Resources */,
				0AFDDCED2142D3500023A4E8 /* Assets.xcassets in Resources */,
				0AFDDCEB2142D34F0023A4E8 /* Main.storyboard in Resources */,
			);
			runOnlyForDeploymentPostprocessing = 0;
		};
		0AFDDCF42142D3510023A4E8 /* Resources */ = {
			isa = PBXResourcesBuildPhase;
			buildActionMask = 2147483647;
			files = (
			);
			runOnlyForDeploymentPostprocessing = 0;
		};
		0AFDDCFF2142D3510023A4E8 /* Resources */ = {
			isa = PBXResourcesBuildPhase;
			buildActionMask = 2147483647;
			files = (
			);
			runOnlyForDeploymentPostprocessing = 0;
		};
/* End PBXResourcesBuildPhase section */

/* Begin PBXShellScriptBuildPhase section */
		0D88BABB8754E666AE0F196B /* [CP] Check Pods Manifest.lock */ = {
			isa = PBXShellScriptBuildPhase;
			buildActionMask = 2147483647;
			files = (
			);
			inputPaths = (
				"${PODS_PODFILE_DIR_PATH}/Podfile.lock",
				"${PODS_ROOT}/Manifest.lock",
			);
			name = "[CP] Check Pods Manifest.lock";
			outputPaths = (
				"$(DERIVED_FILE_DIR)/Pods-TumblerFy-checkManifestLockResult.txt",
			);
			runOnlyForDeploymentPostprocessing = 0;
			shellPath = /bin/sh;
			shellScript = "diff \"${PODS_PODFILE_DIR_PATH}/Podfile.lock\" \"${PODS_ROOT}/Manifest.lock\" > /dev/null\nif [ $? != 0 ] ; then\n    # print error to STDERR\n    echo \"error: The sandbox is not in sync with the Podfile.lock. Run 'pod install' or update your CocoaPods installation.\" >&2\n    exit 1\nfi\n# This output is used by Xcode 'outputs' to avoid re-running this script phase.\necho \"SUCCESS\" > \"${SCRIPT_OUTPUT_FILE_0}\"\n";
			showEnvVarsInLog = 0;
		};
		629A1FA3DA18184B17CA1EDA /* [CP] Embed Pods Frameworks */ = {
			isa = PBXShellScriptBuildPhase;
			buildActionMask = 2147483647;
			files = (
			);
			inputFileListPaths = (
			);
			inputPaths = (
				"${SRCROOT}/Pods/Target Support Files/Pods-TumblerFy/Pods-TumblerFy-frameworks.sh",
				"${BUILT_PRODUCTS_DIR}/Alamofire/Alamofire.framework",
				"${BUILT_PRODUCTS_DIR}/AlamofireImage/AlamofireImage.framework",
			);
			name = "[CP] Embed Pods Frameworks";
			outputFileListPaths = (
			);
			outputPaths = (
				"${TARGET_BUILD_DIR}/${FRAMEWORKS_FOLDER_PATH}/Alamofire.framework",
				"${TARGET_BUILD_DIR}/${FRAMEWORKS_FOLDER_PATH}/AlamofireImage.framework",
			);
			runOnlyForDeploymentPostprocessing = 0;
			shellPath = /bin/sh;
			shellScript = "\"${SRCROOT}/Pods/Target Support Files/Pods-TumblerFy/Pods-TumblerFy-frameworks.sh\"\n";
			showEnvVarsInLog = 0;
		};
		79BAFA1D2B3C438607ABCB53 /* [CP] Check Pods Manifest.lock */ = {
			isa = PBXShellScriptBuildPhase;
			buildActionMask = 2147483647;
			files = (
			);
			inputPaths = (
				"${PODS_PODFILE_DIR_PATH}/Podfile.lock",
				"${PODS_ROOT}/Manifest.lock",
			);
			name = "[CP] Check Pods Manifest.lock";
			outputPaths = (
				"$(DERIVED_FILE_DIR)/Pods-TumblerFyTests-checkManifestLockResult.txt",
			);
			runOnlyForDeploymentPostprocessing = 0;
			shellPath = /bin/sh;
			shellScript = "diff \"${PODS_PODFILE_DIR_PATH}/Podfile.lock\" \"${PODS_ROOT}/Manifest.lock\" > /dev/null\nif [ $? != 0 ] ; then\n    # print error to STDERR\n    echo \"error: The sandbox is not in sync with the Podfile.lock. Run 'pod install' or update your CocoaPods installation.\" >&2\n    exit 1\nfi\n# This output is used by Xcode 'outputs' to avoid re-running this script phase.\necho \"SUCCESS\" > \"${SCRIPT_OUTPUT_FILE_0}\"\n";
			showEnvVarsInLog = 0;
		};
		84A5A13252A8AEE7FF6D1F9D /* [CP] Check Pods Manifest.lock */ = {
			isa = PBXShellScriptBuildPhase;
			buildActionMask = 2147483647;
			files = (
			);
			inputPaths = (
				"${PODS_PODFILE_DIR_PATH}/Podfile.lock",
				"${PODS_ROOT}/Manifest.lock",
			);
			name = "[CP] Check Pods Manifest.lock";
			outputPaths = (
				"$(DERIVED_FILE_DIR)/Pods-TumblerFyUITests-checkManifestLockResult.txt",
			);
			runOnlyForDeploymentPostprocessing = 0;
			shellPath = /bin/sh;
			shellScript = "diff \"${PODS_PODFILE_DIR_PATH}/Podfile.lock\" \"${PODS_ROOT}/Manifest.lock\" > /dev/null\nif [ $? != 0 ] ; then\n    # print error to STDERR\n    echo \"error: The sandbox is not in sync with the Podfile.lock. Run 'pod install' or update your CocoaPods installation.\" >&2\n    exit 1\nfi\n# This output is used by Xcode 'outputs' to avoid re-running this script phase.\necho \"SUCCESS\" > \"${SCRIPT_OUTPUT_FILE_0}\"\n";
			showEnvVarsInLog = 0;
		};
/* End PBXShellScriptBuildPhase section */

/* Begin PBXSourcesBuildPhase section */
		0AFDDCDE2142D34F0023A4E8 /* Sources */ = {
			isa = PBXSourcesBuildPhase;
			buildActionMask = 2147483647;
			files = (
				0AFDDD142142D91A0023A4E8 /* PhotosViewController.swift in Sources */,
				0AFDDD1A2142E9A10023A4E8 /* PhotoCell.swift in Sources */,
				0AFDDCE62142D34F0023A4E8 /* AppDelegate.swift in Sources */,
				0A0FE4952147304800D5FB3A /* PhotoVC.swift in Sources */,
			);
			runOnlyForDeploymentPostprocessing = 0;
		};
		0AFDDCF22142D3510023A4E8 /* Sources */ = {
			isa = PBXSourcesBuildPhase;
			buildActionMask = 2147483647;
			files = (
				0AFDDCFB2142D3510023A4E8 /* TumblerFyTests.swift in Sources */,
			);
			runOnlyForDeploymentPostprocessing = 0;
		};
		0AFDDCFD2142D3510023A4E8 /* Sources */ = {
			isa = PBXSourcesBuildPhase;
			buildActionMask = 2147483647;
			files = (
				0AFDDD062142D3510023A4E8 /* TumblerFyUITests.swift in Sources */,
			);
			runOnlyForDeploymentPostprocessing = 0;
		};
/* End PBXSourcesBuildPhase section */

/* Begin PBXTargetDependency section */
		0AFDDCF82142D3510023A4E8 /* PBXTargetDependency */ = {
			isa = PBXTargetDependency;
			target = 0AFDDCE12142D34F0023A4E8 /* TumblerFy */;
			targetProxy = 0AFDDCF72142D3510023A4E8 /* PBXContainerItemProxy */;
		};
		0AFDDD032142D3510023A4E8 /* PBXTargetDependency */ = {
			isa = PBXTargetDependency;
			target = 0AFDDCE12142D34F0023A4E8 /* TumblerFy */;
			targetProxy = 0AFDDD022142D3510023A4E8 /* PBXContainerItemProxy */;
		};
/* End PBXTargetDependency section */

/* Begin PBXVariantGroup section */
		0AFDDCE92142D34F0023A4E8 /* Main.storyboard */ = {
			isa = PBXVariantGroup;
			children = (
				0AFDDCEA2142D34F0023A4E8 /* Base */,
			);
			name = Main.storyboard;
			sourceTree = "<group>";
		};
		0AFDDCEE2142D3500023A4E8 /* LaunchScreen.storyboard */ = {
			isa = PBXVariantGroup;
			children = (
				0AFDDCEF2142D3500023A4E8 /* Base */,
			);
			name = LaunchScreen.storyboard;
			sourceTree = "<group>";
		};
/* End PBXVariantGroup section */

/* Begin XCBuildConfiguration section */
		0AFDDD082142D3510023A4E8 /* Debug */ = {
			isa = XCBuildConfiguration;
			buildSettings = {
				ALWAYS_SEARCH_USER_PATHS = NO;
				CLANG_ANALYZER_NONNULL = YES;
				CLANG_ANALYZER_NUMBER_OBJECT_CONVERSION = YES_AGGRESSIVE;
				CLANG_CXX_LANGUAGE_STANDARD = "gnu++14";
				CLANG_CXX_LIBRARY = "libc++";
				CLANG_ENABLE_MODULES = YES;
				CLANG_ENABLE_OBJC_ARC = YES;
				CLANG_ENABLE_OBJC_WEAK = YES;
				CLANG_WARN_BLOCK_CAPTURE_AUTORELEASING = YES;
				CLANG_WARN_BOOL_CONVERSION = YES;
				CLANG_WARN_COMMA = YES;
				CLANG_WARN_CONSTANT_CONVERSION = YES;
				CLANG_WARN_DEPRECATED_OBJC_IMPLEMENTATIONS = YES;
				CLANG_WARN_DIRECT_OBJC_ISA_USAGE = YES_ERROR;
				CLANG_WARN_DOCUMENTATION_COMMENTS = YES;
				CLANG_WARN_EMPTY_BODY = YES;
				CLANG_WARN_ENUM_CONVERSION = YES;
				CLANG_WARN_INFINITE_RECURSION = YES;
				CLANG_WARN_INT_CONVERSION = YES;
				CLANG_WARN_NON_LITERAL_NULL_CONVERSION = YES;
				CLANG_WARN_OBJC_IMPLICIT_RETAIN_SELF = YES;
				CLANG_WARN_OBJC_LITERAL_CONVERSION = YES;
				CLANG_WARN_OBJC_ROOT_CLASS = YES_ERROR;
				CLANG_WARN_RANGE_LOOP_ANALYSIS = YES;
				CLANG_WARN_STRICT_PROTOTYPES = YES;
				CLANG_WARN_SUSPICIOUS_MOVE = YES;
				CLANG_WARN_UNGUARDED_AVAILABILITY = YES_AGGRESSIVE;
				CLANG_WARN_UNREACHABLE_CODE = YES;
				CLANG_WARN__DUPLICATE_METHOD_MATCH = YES;
				CODE_SIGN_IDENTITY = "iPhone Developer";
				COPY_PHASE_STRIP = NO;
				DEBUG_INFORMATION_FORMAT = dwarf;
				ENABLE_STRICT_OBJC_MSGSEND = YES;
				ENABLE_TESTABILITY = YES;
				GCC_C_LANGUAGE_STANDARD = gnu11;
				GCC_DYNAMIC_NO_PIC = NO;
				GCC_NO_COMMON_BLOCKS = YES;
				GCC_OPTIMIZATION_LEVEL = 0;
				GCC_PREPROCESSOR_DEFINITIONS = (
					"DEBUG=1",
					"$(inherited)",
				);
				GCC_WARN_64_TO_32_BIT_CONVERSION = YES;
				GCC_WARN_ABOUT_RETURN_TYPE = YES_ERROR;
				GCC_WARN_UNDECLARED_SELECTOR = YES;
				GCC_WARN_UNINITIALIZED_AUTOS = YES_AGGRESSIVE;
				GCC_WARN_UNUSED_FUNCTION = YES;
				GCC_WARN_UNUSED_VARIABLE = YES;
				IPHONEOS_DEPLOYMENT_TARGET = 11.4;
				MTL_ENABLE_DEBUG_INFO = YES;
				ONLY_ACTIVE_ARCH = YES;
				SDKROOT = iphoneos;
				SWIFT_ACTIVE_COMPILATION_CONDITIONS = DEBUG;
				SWIFT_OPTIMIZATION_LEVEL = "-Onone";
			};
			name = Debug;
		};
		0AFDDD092142D3510023A4E8 /* Release */ = {
			isa = XCBuildConfiguration;
			buildSettings = {
				ALWAYS_SEARCH_USER_PATHS = NO;
				CLANG_ANALYZER_NONNULL = YES;
				CLANG_ANALYZER_NUMBER_OBJECT_CONVERSION = YES_AGGRESSIVE;
				CLANG_CXX_LANGUAGE_STANDARD = "gnu++14";
				CLANG_CXX_LIBRARY = "libc++";
				CLANG_ENABLE_MODULES = YES;
				CLANG_ENABLE_OBJC_ARC = YES;
				CLANG_ENABLE_OBJC_WEAK = YES;
				CLANG_WARN_BLOCK_CAPTURE_AUTORELEASING = YES;
				CLANG_WARN_BOOL_CONVERSION = YES;
				CLANG_WARN_COMMA = YES;
				CLANG_WARN_CONSTANT_CONVERSION = YES;
				CLANG_WARN_DEPRECATED_OBJC_IMPLEMENTATIONS = YES;
				CLANG_WARN_DIRECT_OBJC_ISA_USAGE = YES_ERROR;
				CLANG_WARN_DOCUMENTATION_COMMENTS = YES;
				CLANG_WARN_EMPTY_BODY = YES;
				CLANG_WARN_ENUM_CONVERSION = YES;
				CLANG_WARN_INFINITE_RECURSION = YES;
				CLANG_WARN_INT_CONVERSION = YES;
				CLANG_WARN_NON_LITERAL_NULL_CONVERSION = YES;
				CLANG_WARN_OBJC_IMPLICIT_RETAIN_SELF = YES;
				CLANG_WARN_OBJC_LITERAL_CONVERSION = YES;
				CLANG_WARN_OBJC_ROOT_CLASS = YES_ERROR;
				CLANG_WARN_RANGE_LOOP_ANALYSIS = YES;
				CLANG_WARN_STRICT_PROTOTYPES = YES;
				CLANG_WARN_SUSPICIOUS_MOVE = YES;
				CLANG_WARN_UNGUARDED_AVAILABILITY = YES_AGGRESSIVE;
				CLANG_WARN_UNREACHABLE_CODE = YES;
				CLANG_WARN__DUPLICATE_METHOD_MATCH = YES;
				CODE_SIGN_IDENTITY = "iPhone Developer";
				COPY_PHASE_STRIP = NO;
				DEBUG_INFORMATION_FORMAT = "dwarf-with-dsym";
				ENABLE_NS_ASSERTIONS = NO;
				ENABLE_STRICT_OBJC_MSGSEND = YES;
				GCC_C_LANGUAGE_STANDARD = gnu11;
				GCC_NO_COMMON_BLOCKS = YES;
				GCC_WARN_64_TO_32_BIT_CONVERSION = YES;
				GCC_WARN_ABOUT_RETURN_TYPE = YES_ERROR;
				GCC_WARN_UNDECLARED_SELECTOR = YES;
				GCC_WARN_UNINITIALIZED_AUTOS = YES_AGGRESSIVE;
				GCC_WARN_UNUSED_FUNCTION = YES;
				GCC_WARN_UNUSED_VARIABLE = YES;
				IPHONEOS_DEPLOYMENT_TARGET = 11.4;
				MTL_ENABLE_DEBUG_INFO = NO;
				SDKROOT = iphoneos;
				SWIFT_COMPILATION_MODE = wholemodule;
				SWIFT_OPTIMIZATION_LEVEL = "-O";
				VALIDATE_PRODUCT = YES;
			};
			name = Release;
		};
		0AFDDD0B2142D3510023A4E8 /* Debug */ = {
			isa = XCBuildConfiguration;
			baseConfigurationReference = E9D365FAF342365C4384801B /* Pods-TumblerFy.debug.xcconfig */;
			buildSettings = {
				ASSETCATALOG_COMPILER_APPICON_NAME = AppIcon;
				CODE_SIGN_STYLE = Automatic;
				DEVELOPMENT_TEAM = N7T32W5G6L;
				INFOPLIST_FILE = TumblerFy/Info.plist;
				LD_RUNPATH_SEARCH_PATHS = (
					"$(inherited)",
					"@executable_path/Frameworks",
				);
				PRODUCT_BUNDLE_IDENTIFIER = "T-T.TumblerFy";
				PRODUCT_NAME = "$(TARGET_NAME)";
				SWIFT_VERSION = 4.0;
				TARGETED_DEVICE_FAMILY = "1,2";
			};
			name = Debug;
		};
		0AFDDD0C2142D3510023A4E8 /* Release */ = {
			isa = XCBuildConfiguration;
			baseConfigurationReference = F93B8A1378FDB5A7DA77F3A1 /* Pods-TumblerFy.release.xcconfig */;
			buildSettings = {
				ASSETCATALOG_COMPILER_APPICON_NAME = AppIcon;
				CODE_SIGN_STYLE = Automatic;
				DEVELOPMENT_TEAM = N7T32W5G6L;
				INFOPLIST_FILE = TumblerFy/Info.plist;
				LD_RUNPATH_SEARCH_PATHS = (
					"$(inherited)",
					"@executable_path/Frameworks",
				);
				PRODUCT_BUNDLE_IDENTIFIER = "T-T.TumblerFy";
				PRODUCT_NAME = "$(TARGET_NAME)";
				SWIFT_VERSION = 4.0;
				TARGETED_DEVICE_FAMILY = "1,2";
			};
			name = Release;
		};
		0AFDDD0E2142D3510023A4E8 /* Debug */ = {
			isa = XCBuildConfiguration;
			baseConfigurationReference = E653858F09062CAFED1EAAE6 /* Pods-TumblerFyTests.debug.xcconfig */;
			buildSettings = {
				ALWAYS_EMBED_SWIFT_STANDARD_LIBRARIES = YES;
				BUNDLE_LOADER = "$(TEST_HOST)";
				CODE_SIGN_STYLE = Automatic;
				DEVELOPMENT_TEAM = N7T32W5G6L;
				INFOPLIST_FILE = TumblerFyTests/Info.plist;
				LD_RUNPATH_SEARCH_PATHS = (
					"$(inherited)",
					"@executable_path/Frameworks",
					"@loader_path/Frameworks",
				);
				PRODUCT_BUNDLE_IDENTIFIER = "T-T.TumblerFyTests";
				PRODUCT_NAME = "$(TARGET_NAME)";
				SWIFT_VERSION = 4.0;
				TARGETED_DEVICE_FAMILY = "1,2";
				TEST_HOST = "$(BUILT_PRODUCTS_DIR)/TumblerFy.app/TumblerFy";
			};
			name = Debug;
		};
		0AFDDD0F2142D3510023A4E8 /* Release */ = {
			isa = XCBuildConfiguration;
			baseConfigurationReference = ECD6A732732D8FE7197EE4AB /* Pods-TumblerFyTests.release.xcconfig */;
			buildSettings = {
				ALWAYS_EMBED_SWIFT_STANDARD_LIBRARIES = YES;
				BUNDLE_LOADER = "$(TEST_HOST)";
				CODE_SIGN_STYLE = Automatic;
				DEVELOPMENT_TEAM = N7T32W5G6L;
				INFOPLIST_FILE = TumblerFyTests/Info.plist;
				LD_RUNPATH_SEARCH_PATHS = (
					"$(inherited)",
					"@executable_path/Frameworks",
					"@loader_path/Frameworks",
				);
				PRODUCT_BUNDLE_IDENTIFIER = "T-T.TumblerFyTests";
				PRODUCT_NAME = "$(TARGET_NAME)";
				SWIFT_VERSION = 4.0;
				TARGETED_DEVICE_FAMILY = "1,2";
				TEST_HOST = "$(BUILT_PRODUCTS_DIR)/TumblerFy.app/TumblerFy";
			};
			name = Release;
		};
		0AFDDD112142D3510023A4E8 /* Debug */ = {
			isa = XCBuildConfiguration;
			baseConfigurationReference = 41461F9F12393C51B14B68BD /* Pods-TumblerFyUITests.debug.xcconfig */;
			buildSettings = {
				ALWAYS_EMBED_SWIFT_STANDARD_LIBRARIES = YES;
				CODE_SIGN_STYLE = Automatic;
				DEVELOPMENT_TEAM = N7T32W5G6L;
				INFOPLIST_FILE = TumblerFyUITests/Info.plist;
				LD_RUNPATH_SEARCH_PATHS = (
					"$(inherited)",
					"@executable_path/Frameworks",
					"@loader_path/Frameworks",
				);
				PRODUCT_BUNDLE_IDENTIFIER = "T-T.TumblerFyUITests";
				PRODUCT_NAME = "$(TARGET_NAME)";
				SWIFT_VERSION = 4.0;
				TARGETED_DEVICE_FAMILY = "1,2";
				TEST_TARGET_NAME = TumblerFy;
			};
			name = Debug;
		};
		0AFDDD122142D3510023A4E8 /* Release */ = {
			isa = XCBuildConfiguration;
			baseConfigurationReference = 7DA2635B08CEF60BDB53D8A2 /* Pods-TumblerFyUITests.release.xcconfig */;
			buildSettings = {
				ALWAYS_EMBED_SWIFT_STANDARD_LIBRARIES = YES;
				CODE_SIGN_STYLE = Automatic;
				DEVELOPMENT_TEAM = N7T32W5G6L;
				INFOPLIST_FILE = TumblerFyUITests/Info.plist;
				LD_RUNPATH_SEARCH_PATHS = (
					"$(inherited)",
					"@executable_path/Frameworks",
					"@loader_path/Frameworks",
				);
				PRODUCT_BUNDLE_IDENTIFIER = "T-T.TumblerFyUITests";
				PRODUCT_NAME = "$(TARGET_NAME)";
				SWIFT_VERSION = 4.0;
				TARGETED_DEVICE_FAMILY = "1,2";
				TEST_TARGET_NAME = TumblerFy;
			};
			name = Release;
		};
/* End XCBuildConfiguration section */

/* Begin XCConfigurationList section */
		0AFDDCDD2142D34F0023A4E8 /* Build configuration list for PBXProject "TumblerFy" */ = {
			isa = XCConfigurationList;
			buildConfigurations = (
				0AFDDD082142D3510023A4E8 /* Debug */,
				0AFDDD092142D3510023A4E8 /* Release */,
			);
			defaultConfigurationIsVisible = 0;
			defaultConfigurationName = Release;
		};
		0AFDDD0A2142D3510023A4E8 /* Build configuration list for PBXNativeTarget "TumblerFy" */ = {
			isa = XCConfigurationList;
			buildConfigurations = (
				0AFDDD0B2142D3510023A4E8 /* Debug */,
				0AFDDD0C2142D3510023A4E8 /* Release */,
			);
			defaultConfigurationIsVisible = 0;
			defaultConfigurationName = Release;
		};
		0AFDDD0D2142D3510023A4E8 /* Build configuration list for PBXNativeTarget "TumblerFyTests" */ = {
			isa = XCConfigurationList;
			buildConfigurations = (
				0AFDDD0E2142D3510023A4E8 /* Debug */,
				0AFDDD0F2142D3510023A4E8 /* Release */,
			);
			defaultConfigurationIsVisible = 0;
			defaultConfigurationName = Release;
		};
		0AFDDD102142D3510023A4E8 /* Build configuration list for PBXNativeTarget "TumblerFyUITests" */ = {
			isa = XCConfigurationList;
			buildConfigurations = (
				0AFDDD112142D3510023A4E8 /* Debug */,
				0AFDDD122142D3510023A4E8 /* Release */,
			);
			defaultConfigurationIsVisible = 0;
			defaultConfigurationName = Release;
		};
/* End XCConfigurationList section */
	};
	rootObject = 0AFDDCDA2142D34F0023A4E8 /* Project object */;
}
